PODS:
  - Alamofire (5.4.3)
  - ReachabilitySwift (5.0.0)
  - SDWebImage (5.6.1):
    - SDWebImage/Core (= 5.6.1)
  - SDWebImage/Core (5.6.1)
  - SVProgressHUD (2.2.5)
  - SwiftyJSON (5.0.1)

DEPENDENCIES:
  - Alamofire (~> 5.2)
  - ReachabilitySwift
  - SDWebImage (~> 5.6.0)
  - SVProgressHUD (~> 2.2.5)
  - SwiftyJSON

SPEC REPOS:
  trunk:
    - Alamofire
    - ReachabilitySwift
    - SDWebImage
    - SVProgressHUD
    - SwiftyJSON

SPEC CHECKSUMS:
  Alamofire: e447a2774a40c996748296fa2c55112fdbbc42f9
  ReachabilitySwift: 985039c6f7b23a1da463388634119492ff86c825
  SDWebImage: 7edb9c3ea661e77a66661f7f044de8c1b55d1120
  SVProgressHUD: 1428aafac632c1f86f62aa4243ec12008d7a51d6
  SwiftyJSON: 2f33a42c6fbc52764d96f13368585094bfd8aa5e

PODFILE CHECKSUM: 8794363b1020818f3f8a114541494e57867bbfdf

COCOAPODS: 1.10.1
